
Microsoft Visual Studio Solution File, Format Version 12.00
# Visual Studio 15
VisualStudioVersion = 15.0.26430.14
MinimumVisualStudioVersion = 10.0.40219.1
Project("{8BC9CEB8-8B4A-11D0-8D11-00A0C91BC942}") = "StringSentence", "StringSentence\StringSentence.vcxproj", "{0AFF1573-FD84-4175-B2E2-94822538F92F}"
EndProject
Project("{8BC9CEB8-8B4A-11D0-8D11-00A0C91BC942}") = "StringUnique", "StringUnique\StringUnique.vcxproj", "{C24403C0-1DCF-45E0-9806-E80026783482}"
EndProject
Project("{8BC9CEB8-8B4A-11D0-8D11-00A0C91BC942}") = "StringPermutation", "StringPermutation\StringPermutation.vcxproj", "{C5A81524-65B2-4687-B2EE-4076503960EC}"
EndProject
Project("{2150E333-8FDC-42A3-9474-1A3956D46DE8}") = "StringsArrays", "StringsArrays", "{217FB1FF-B115-46D0-9590-B2145F2DB3C1}"
EndProject
Project("{8BC9CEB8-8B4A-11D0-8D11-00A0C91BC942}") = "SpaceReplace", "SpaceReplace\SpaceReplace.vcxproj", "{54B65309-CB6C-40D6-8179-30D0E3E09321}"
EndProject
Project("{8BC9CEB8-8B4A-11D0-8D11-00A0C91BC942}") = "PalindromePermutation", "PalindromePermutation\PalindromePermutation.vcxproj", "{BEC791D8-9540-4B0A-929D-3056287D087A}"
EndProject
Project("{8BC9CEB8-8B4A-11D0-8D11-00A0C91BC942}") = "OneAway", "OneAway\OneAway.vcxproj", "{4ED9E08F-A2D4-4D3B-B041-343D2EECCB30}"
EndProject
Project("{8BC9CEB8-8B4A-11D0-8D11-00A0C91BC942}") = "StringCompression", "StringCompression\StringCompression.vcxproj", "{3AA224A6-1BC6-4DA9-A2F8-E06A00446DF0}"
EndProject
Project("{8BC9CEB8-8B4A-11D0-8D11-00A0C91BC942}") = "RotateMatrix", "RotateMatrix\RotateMatrix.vcxproj", "{0C2EA380-60FE-402F-9620-8A983A58FF00}"
EndProject
Project("{8BC9CEB8-8B4A-11D0-8D11-00A0C91BC942}") = "ZeroMatrix", "ZeroMatrix\ZeroMatrix.vcxproj", "{9B9A9BED-F0D9-46EA-ADA3-19679CD9486C}"
EndProject
Project("{8BC9CEB8-8B4A-11D0-8D11-00A0C91BC942}") = "StringRotation", "StringRotation\StringRotation.vcxproj", "{2671E37C-B6A6-4381-93BC-31A25D9C43F0}"
EndProject
Global
	GlobalSection(SolutionConfigurationPlatforms) = preSolution
		Debug|x64 = Debug|x64
		Debug|x86 = Debug|x86
		Release|x64 = Release|x64
		Release|x86 = Release|x86
	EndGlobalSection
	GlobalSection(ProjectConfigurationPlatforms) = postSolution
		{0AFF1573-FD84-4175-B2E2-94822538F92F}.Debug|x64.ActiveCfg = Debug|x64
		{0AFF1573-FD84-4175-B2E2-94822538F92F}.Debug|x64.Build.0 = Debug|x64
		{0AFF1573-FD84-4175-B2E2-94822538F92F}.Debug|x86.ActiveCfg = Debug|Win32
		{0AFF1573-FD84-4175-B2E2-94822538F92F}.Debug|x86.Build.0 = Debug|Win32
		{0AFF1573-FD84-4175-B2E2-94822538F92F}.Release|x64.ActiveCfg = Release|x64
		{0AFF1573-FD84-4175-B2E2-94822538F92F}.Release|x64.Build.0 = Release|x64
		{0AFF1573-FD84-4175-B2E2-94822538F92F}.Release|x86.ActiveCfg = Release|Win32
		{0AFF1573-FD84-4175-B2E2-94822538F92F}.Release|x86.Build.0 = Release|Win32
		{C24403C0-1DCF-45E0-9806-E80026783482}.Debug|x64.ActiveCfg = Debug|x64
		{C24403C0-1DCF-45E0-9806-E80026783482}.Debug|x64.Build.0 = Debug|x64
		{C24403C0-1DCF-45E0-9806-E80026783482}.Debug|x86.ActiveCfg = Debug|Win32
		{C24403C0-1DCF-45E0-9806-E80026783482}.Debug|x86.Build.0 = Debug|Win32
		{C24403C0-1DCF-45E0-9806-E80026783482}.Release|x64.ActiveCfg = Release|x64
		{C24403C0-1DCF-45E0-9806-E80026783482}.Release|x64.Build.0 = Release|x64
		{C24403C0-1DCF-45E0-9806-E80026783482}.Release|x86.ActiveCfg = Release|Win32
		{C24403C0-1DCF-45E0-9806-E80026783482}.Release|x86.Build.0 = Release|Win32
		{C5A81524-65B2-4687-B2EE-4076503960EC}.Debug|x64.ActiveCfg = Debug|x64
		{C5A81524-65B2-4687-B2EE-4076503960EC}.Debug|x64.Build.0 = Debug|x64
		{C5A81524-65B2-4687-B2EE-4076503960EC}.Debug|x86.ActiveCfg = Debug|Win32
		{C5A81524-65B2-4687-B2EE-4076503960EC}.Debug|x86.Build.0 = Debug|Win32
		{C5A81524-65B2-4687-B2EE-4076503960EC}.Release|x64.ActiveCfg = Release|x64
		{C5A81524-65B2-4687-B2EE-4076503960EC}.Release|x64.Build.0 = Release|x64
		{C5A81524-65B2-4687-B2EE-4076503960EC}.Release|x86.ActiveCfg = Release|Win32
		{C5A81524-65B2-4687-B2EE-4076503960EC}.Release|x86.Build.0 = Release|Win32
		{54B65309-CB6C-40D6-8179-30D0E3E09321}.Debug|x64.ActiveCfg = Debug|x64
		{54B65309-CB6C-40D6-8179-30D0E3E09321}.Debug|x64.Build.0 = Debug|x64
		{54B65309-CB6C-40D6-8179-30D0E3E09321}.Debug|x86.ActiveCfg = Debug|Win32
		{54B65309-CB6C-40D6-8179-30D0E3E09321}.Debug|x86.Build.0 = Debug|Win32
		{54B65309-CB6C-40D6-8179-30D0E3E09321}.Release|x64.ActiveCfg = Release|x64
		{54B65309-CB6C-40D6-8179-30D0E3E09321}.Release|x64.Build.0 = Release|x64
		{54B65309-CB6C-40D6-8179-30D0E3E09321}.Release|x86.ActiveCfg = Release|Win32
		{54B65309-CB6C-40D6-8179-30D0E3E09321}.Release|x86.Build.0 = Release|Win32
		{BEC791D8-9540-4B0A-929D-3056287D087A}.Debug|x64.ActiveCfg = Debug|x64
		{BEC791D8-9540-4B0A-929D-3056287D087A}.Debug|x64.Build.0 = Debug|x64
		{BEC791D8-9540-4B0A-929D-3056287D087A}.Debug|x86.ActiveCfg = Debug|Win32
		{BEC791D8-9540-4B0A-929D-3056287D087A}.Debug|x86.Build.0 = Debug|Win32
		{BEC791D8-9540-4B0A-929D-3056287D087A}.Release|x64.ActiveCfg = Release|x64
		{BEC791D8-9540-4B0A-929D-3056287D087A}.Release|x64.Build.0 = Release|x64
		{BEC791D8-9540-4B0A-929D-3056287D087A}.Release|x86.ActiveCfg = Release|Win32
		{BEC791D8-9540-4B0A-929D-3056287D087A}.Release|x86.Build.0 = Release|Win32
		{4ED9E08F-A2D4-4D3B-B041-343D2EECCB30}.Debug|x64.ActiveCfg = Debug|x64
		{4ED9E08F-A2D4-4D3B-B041-343D2EECCB30}.Debug|x64.Build.0 = Debug|x64
		{4ED9E08F-A2D4-4D3B-B041-343D2EECCB30}.Debug|x86.ActiveCfg = Debug|Win32
		{4ED9E08F-A2D4-4D3B-B041-343D2EECCB30}.Debug|x86.Build.0 = Debug|Win32
		{4ED9E08F-A2D4-4D3B-B041-343D2EECCB30}.Release|x64.ActiveCfg = Release|x64
		{4ED9E08F-A2D4-4D3B-B041-343D2EECCB30}.Release|x64.Build.0 = Release|x64
		{4ED9E08F-A2D4-4D3B-B041-343D2EECCB30}.Release|x86.ActiveCfg = Release|Win32
		{4ED9E08F-A2D4-4D3B-B041-343D2EECCB30}.Release|x86.Build.0 = Release|Win32
		{3AA224A6-1BC6-4DA9-A2F8-E06A00446DF0}.Debug|x64.ActiveCfg = Debug|x64
		{3AA224A6-1BC6-4DA9-A2F8-E06A00446DF0}.Debug|x64.Build.0 = Debug|x64
		{3AA224A6-1BC6-4DA9-A2F8-E06A00446DF0}.Debug|x86.ActiveCfg = Debug|Win32
		{3AA224A6-1BC6-4DA9-A2F8-E06A00446DF0}.Debug|x86.Build.0 = Debug|Win32
		{3AA224A6-1BC6-4DA9-A2F8-E06A00446DF0}.Release|x64.ActiveCfg = Release|x64
		{3AA224A6-1BC6-4DA9-A2F8-E06A00446DF0}.Release|x64.Build.0 = Release|x64
		{3AA224A6-1BC6-4DA9-A2F8-E06A00446DF0}.Release|x86.ActiveCfg = Release|Win32
		{3AA224A6-1BC6-4DA9-A2F8-E06A00446DF0}.Release|x86.Build.0 = Release|Win32
		{0C2EA380-60FE-402F-9620-8A983A58FF00}.Debug|x64.ActiveCfg = Debug|x64
		{0C2EA380-60FE-402F-9620-8A983A58FF00}.Debug|x64.Build.0 = Debug|x64
		{0C2EA380-60FE-402F-9620-8A983A58FF00}.Debug|x86.ActiveCfg = Debug|Win32
		{0C2EA380-60FE-402F-9620-8A983A58FF00}.Debug|x86.Build.0 = Debug|Win32
		{0C2EA380-60FE-402F-9620-8A983A58FF00}.Release|x64.ActiveCfg = Release|x64
		{0C2EA380-60FE-402F-9620-8A983A58FF00}.Release|x64.Build.0 = Release|x64
		{0C2EA380-60FE-402F-9620-8A983A58FF00}.Release|x86.ActiveCfg = Release|Win32
		{0C2EA380-60FE-402F-9620-8A983A58FF00}.Release|x86.Build.0 = Release|Win32
		{9B9A9BED-F0D9-46EA-ADA3-19679CD9486C}.Debug|x64.ActiveCfg = Debug|x64
		{9B9A9BED-F0D9-46EA-ADA3-19679CD9486C}.Debug|x64.Build.0 = Debug|x64
		{9B9A9BED-F0D9-46EA-ADA3-19679CD9486C}.Debug|x86.ActiveCfg = Debug|Win32
		{9B9A9BED-F0D9-46EA-ADA3-19679CD9486C}.Debug|x86.Build.0 = Debug|Win32
		{9B9A9BED-F0D9-46EA-ADA3-19679CD9486C}.Release|x64.ActiveCfg = Release|x64
		{9B9A9BED-F0D9-46EA-ADA3-19679CD9486C}.Release|x64.Build.0 = Release|x64
		{9B9A9BED-F0D9-46EA-ADA3-19679CD9486C}.Release|x86.ActiveCfg = Release|Win32
		{9B9A9BED-F0D9-46EA-ADA3-19679CD9486C}.Release|x86.Build.0 = Release|Win32
		{2671E37C-B6A6-4381-93BC-31A25D9C43F0}.Debug|x64.ActiveCfg = Debug|x64
		{2671E37C-B6A6-4381-93BC-31A25D9C43F0}.Debug|x64.Build.0 = Debug|x64
		{2671E37C-B6A6-4381-93BC-31A25D9C43F0}.Debug|x86.ActiveCfg = Debug|Win32
		{2671E37C-B6A6-4381-93BC-31A25D9C43F0}.Debug|x86.Build.0 = Debug|Win32
		{2671E37C-B6A6-4381-93BC-31A25D9C43F0}.Release|x64.ActiveCfg = Release|x64
		{2671E37C-B6A6-4381-93BC-31A25D9C43F0}.Release|x64.Build.0 = Release|x64
		{2671E37C-B6A6-4381-93BC-31A25D9C43F0}.Release|x86.ActiveCfg = Release|Win32
		{2671E37C-B6A6-4381-93BC-31A25D9C43F0}.Release|x86.Build.0 = Release|Win32
	EndGlobalSection
	GlobalSection(SolutionProperties) = preSolution
		HideSolutionNode = FALSE
	EndGlobalSection
	GlobalSection(NestedProjects) = preSolution
		{0AFF1573-FD84-4175-B2E2-94822538F92F} = {217FB1FF-B115-46D0-9590-B2145F2DB3C1}
		{C24403C0-1DCF-45E0-9806-E80026783482} = {217FB1FF-B115-46D0-9590-B2145F2DB3C1}
		{C5A81524-65B2-4687-B2EE-4076503960EC} = {217FB1FF-B115-46D0-9590-B2145F2DB3C1}
		{54B65309-CB6C-40D6-8179-30D0E3E09321} = {217FB1FF-B115-46D0-9590-B2145F2DB3C1}
		{BEC791D8-9540-4B0A-929D-3056287D087A} = {217FB1FF-B115-46D0-9590-B2145F2DB3C1}
		{4ED9E08F-A2D4-4D3B-B041-343D2EECCB30} = {217FB1FF-B115-46D0-9590-B2145F2DB3C1}
		{3AA224A6-1BC6-4DA9-A2F8-E06A00446DF0} = {217FB1FF-B115-46D0-9590-B2145F2DB3C1}
		{0C2EA380-60FE-402F-9620-8A983A58FF00} = {217FB1FF-B115-46D0-9590-B2145F2DB3C1}
		{9B9A9BED-F0D9-46EA-ADA3-19679CD9486C} = {217FB1FF-B115-46D0-9590-B2145F2DB3C1}
		{2671E37C-B6A6-4381-93BC-31A25D9C43F0} = {217FB1FF-B115-46D0-9590-B2145F2DB3C1}
	EndGlobalSection
EndGlobal
