
Microsoft Visual Studio Solution File, Format Version 12.00
# Visual Studio 15
VisualStudioVersion = 15.0.26430.14
MinimumVisualStudioVersion = 10.0.40219.1
Project("{8BC9CEB8-8B4A-11D0-8D11-00A0C91BC942}") = "StringSentence", "StringSentence\StringSentence.vcxproj", "{0AFF1573-FD84-4175-B2E2-94822538F92F}"
EndProject
Project("{8BC9CEB8-8B4A-11D0-8D11-00A0C91BC942}") = "StringUnique", "StringUnique\StringUnique.vcxproj", "{C24403C0-1DCF-45E0-9806-E80026783482}"
EndProject
Project("{8BC9CEB8-8B4A-11D0-8D11-00A0C91BC942}") = "StringPermutation", "StringPermutation\StringPermutation.vcxproj", "{C5A81524-65B2-4687-B2EE-4076503960EC}"
EndProject
Project("{2150E333-8FDC-42A3-9474-1A3956D46DE8}") = "StringsArrays", "StringsArrays", "{217FB1FF-B115-46D0-9590-B2145F2DB3C1}"
EndProject
Project("{8BC9CEB8-8B4A-11D0-8D11-00A0C91BC942}") = "SpaceReplace", "SpaceReplace\SpaceReplace.vcxproj", "{54B65309-CB6C-40D6-8179-30D0E3E09321}"
EndProject
Project("{8BC9CEB8-8B4A-11D0-8D11-00A0C91BC942}") = "PalindromePermutation", "PalindromePermutation\PalindromePermutation.vcxproj", "{BEC791D8-9540-4B0A-929D-3056287D087A}"
EndProject
Project("{8BC9CEB8-8B4A-11D0-8D11-00A0C91BC942}") = "OneAway", "OneAway\OneAway.vcxproj", "{4ED9E08F-A2D4-4D3B-B041-343D2EECCB30}"
EndProject
Project("{8BC9CEB8-8B4A-11D0-8D11-00A0C91BC942}") = "StringCompression", "StringCompression\StringCompression.vcxproj", "{3AA224A6-1BC6-4DA9-A2F8-E06A00446DF0}"
EndProject
Project("{8BC9CEB8-8B4A-11D0-8D11-00A0C91BC942}") = "RotateMatrix", "RotateMatrix\RotateMatrix.vcxproj", "{0C2EA380-60FE-402F-9620-8A983A58FF00}"
EndProject
Project("{8BC9CEB8-8B4A-11D0-8D11-00A0C91BC942}") = "ZeroMatrix", "ZeroMatrix\ZeroMatrix.vcxproj", "{9B9A9BED-F0D9-46EA-ADA3-19679CD9486C}"
EndProject
Project("{8BC9CEB8-8B4A-11D0-8D11-00A0C91BC942}") = "StringRotation", "StringRotation\StringRotation.vcxproj", "{2671E37C-B6A6-4381-93BC-31A25D9C43F0}"
EndProject
Project("{2150E333-8FDC-42A3-9474-1A3956D46DE8}") = "LinkedList", "LinkedList", "{8FC0A238-14A5-485F-BA47-BC44AA043C35}"
EndProject
Project("{8BC9CEB8-8B4A-11D0-8D11-00A0C91BC942}") = "RemoveDuplicates", "RemoveDuplicates\RemoveDuplicates.vcxproj", "{FADB1AEB-1F11-464A-8A7A-033D6DB28507}"
EndProject
Project("{8BC9CEB8-8B4A-11D0-8D11-00A0C91BC942}") = "ReturnKthToLast", "ReturnKthToLast\ReturnKthToLast.vcxproj", "{DEBC9A72-2869-48EB-B397-1B8AA8476C52}"
EndProject
Project("{8BC9CEB8-8B4A-11D0-8D11-00A0C91BC942}") = "DeleteMiddleNode", "DeleteMiddleNode\DeleteMiddleNode.vcxproj", "{E0C4502F-EF6E-4FB2-92C0-F087E3B3DB54}"
EndProject
Project("{2150E333-8FDC-42A3-9474-1A3956D46DE8}") = "SolutionsManual", "SolutionsManual", "{ADE255D3-08F7-4F3E-99C1-526B93461FD0}"
EndProject
Project("{8BC9CEB8-8B4A-11D0-8D11-00A0C91BC942}") = "PalindromeRecursive", "PalindromeRecursive\PalindromeRecursive.vcxproj", "{E6A256D1-EEE3-4D53-85E8-E64E8C1C8809}"
EndProject
Project("{2150E333-8FDC-42A3-9474-1A3956D46DE8}") = "AlgorithmTests", "AlgorithmTests", "{475C9731-AB39-41E0-8709-789C1AA7FC67}"
	ProjectSection(SolutionItems) = preProject
		README.txt = README.txt
	EndProjectSection
EndProject
Project("{8BC9CEB8-8B4A-11D0-8D11-00A0C91BC942}") = "QuickSort", "QuickSort\QuickSort.vcxproj", "{395927A1-7C98-408A-9851-388FF6D9C068}"
EndProject
Project("{8BC9CEB8-8B4A-11D0-8D11-00A0C91BC942}") = "MergeSort", "MergeSort\MergeSort.vcxproj", "{65D0EE05-02B3-46FC-AC7A-FE15D563E326}"
EndProject
Project("{8BC9CEB8-8B4A-11D0-8D11-00A0C91BC942}") = "Tests", "Tests\Tests.vcxproj", "{3B2367A4-19B1-4956-A592-2309935E665D}"
EndProject
Project("{8BC9CEB8-8B4A-11D0-8D11-00A0C91BC942}") = "Utils", "Utils\Utils.vcxproj", "{37A722E5-A64E-472B-AA32-8E435C148940}"
EndProject
Project("{8BC9CEB8-8B4A-11D0-8D11-00A0C91BC942}") = "RadixSort", "RadixSort\RadixSort.vcxproj", "{A5C329A9-8EE8-4751-9E1F-503EE09C8A5D}"
EndProject
Project("{2150E333-8FDC-42A3-9474-1A3956D46DE8}") = "DataStructuresFromScratch", "DataStructuresFromScratch", "{EEBC69A8-830D-4DD5-8D45-A9C816F43B0A}"
EndProject
Project("{8BC9CEB8-8B4A-11D0-8D11-00A0C91BC942}") = "HashTable", "HashTable\HashTable.vcxproj", "{B9C16E45-47BF-4A59-9940-A9AAB4C0C150}"
EndProject
Project("{8BC9CEB8-8B4A-11D0-8D11-00A0C91BC942}") = "BubbleSort", "BubbleSort\BubbleSort.vcxproj", "{8A2ADF19-674A-42DC-BA82-56DD63C3614C}"
EndProject
Project("{8BC9CEB8-8B4A-11D0-8D11-00A0C91BC942}") = "InsertionSort", "InsertionSort\InsertionSort.vcxproj", "{2469D113-F592-483B-9E8D-1EDC302CD6E9}"
EndProject
Global
	GlobalSection(SolutionConfigurationPlatforms) = preSolution
		Debug|x64 = Debug|x64
		Debug|x86 = Debug|x86
		Release|x64 = Release|x64
		Release|x86 = Release|x86
	EndGlobalSection
	GlobalSection(ProjectConfigurationPlatforms) = postSolution
		{0AFF1573-FD84-4175-B2E2-94822538F92F}.Debug|x64.ActiveCfg = Debug|x64
		{0AFF1573-FD84-4175-B2E2-94822538F92F}.Debug|x64.Build.0 = Debug|x64
		{0AFF1573-FD84-4175-B2E2-94822538F92F}.Debug|x86.ActiveCfg = Debug|Win32
		{0AFF1573-FD84-4175-B2E2-94822538F92F}.Debug|x86.Build.0 = Debug|Win32
		{0AFF1573-FD84-4175-B2E2-94822538F92F}.Release|x64.ActiveCfg = Release|x64
		{0AFF1573-FD84-4175-B2E2-94822538F92F}.Release|x64.Build.0 = Release|x64
		{0AFF1573-FD84-4175-B2E2-94822538F92F}.Release|x86.ActiveCfg = Release|Win32
		{0AFF1573-FD84-4175-B2E2-94822538F92F}.Release|x86.Build.0 = Release|Win32
		{C24403C0-1DCF-45E0-9806-E80026783482}.Debug|x64.ActiveCfg = Debug|x64
		{C24403C0-1DCF-45E0-9806-E80026783482}.Debug|x64.Build.0 = Debug|x64
		{C24403C0-1DCF-45E0-9806-E80026783482}.Debug|x86.ActiveCfg = Debug|Win32
		{C24403C0-1DCF-45E0-9806-E80026783482}.Debug|x86.Build.0 = Debug|Win32
		{C24403C0-1DCF-45E0-9806-E80026783482}.Release|x64.ActiveCfg = Release|x64
		{C24403C0-1DCF-45E0-9806-E80026783482}.Release|x64.Build.0 = Release|x64
		{C24403C0-1DCF-45E0-9806-E80026783482}.Release|x86.ActiveCfg = Release|Win32
		{C24403C0-1DCF-45E0-9806-E80026783482}.Release|x86.Build.0 = Release|Win32
		{C5A81524-65B2-4687-B2EE-4076503960EC}.Debug|x64.ActiveCfg = Debug|x64
		{C5A81524-65B2-4687-B2EE-4076503960EC}.Debug|x64.Build.0 = Debug|x64
		{C5A81524-65B2-4687-B2EE-4076503960EC}.Debug|x86.ActiveCfg = Debug|Win32
		{C5A81524-65B2-4687-B2EE-4076503960EC}.Debug|x86.Build.0 = Debug|Win32
		{C5A81524-65B2-4687-B2EE-4076503960EC}.Release|x64.ActiveCfg = Release|x64
		{C5A81524-65B2-4687-B2EE-4076503960EC}.Release|x64.Build.0 = Release|x64
		{C5A81524-65B2-4687-B2EE-4076503960EC}.Release|x86.ActiveCfg = Release|Win32
		{C5A81524-65B2-4687-B2EE-4076503960EC}.Release|x86.Build.0 = Release|Win32
		{54B65309-CB6C-40D6-8179-30D0E3E09321}.Debug|x64.ActiveCfg = Debug|x64
		{54B65309-CB6C-40D6-8179-30D0E3E09321}.Debug|x64.Build.0 = Debug|x64
		{54B65309-CB6C-40D6-8179-30D0E3E09321}.Debug|x86.ActiveCfg = Debug|Win32
		{54B65309-CB6C-40D6-8179-30D0E3E09321}.Debug|x86.Build.0 = Debug|Win32
		{54B65309-CB6C-40D6-8179-30D0E3E09321}.Release|x64.ActiveCfg = Release|x64
		{54B65309-CB6C-40D6-8179-30D0E3E09321}.Release|x64.Build.0 = Release|x64
		{54B65309-CB6C-40D6-8179-30D0E3E09321}.Release|x86.ActiveCfg = Release|Win32
		{54B65309-CB6C-40D6-8179-30D0E3E09321}.Release|x86.Build.0 = Release|Win32
		{BEC791D8-9540-4B0A-929D-3056287D087A}.Debug|x64.ActiveCfg = Debug|x64
		{BEC791D8-9540-4B0A-929D-3056287D087A}.Debug|x64.Build.0 = Debug|x64
		{BEC791D8-9540-4B0A-929D-3056287D087A}.Debug|x86.ActiveCfg = Debug|Win32
		{BEC791D8-9540-4B0A-929D-3056287D087A}.Debug|x86.Build.0 = Debug|Win32
		{BEC791D8-9540-4B0A-929D-3056287D087A}.Release|x64.ActiveCfg = Release|x64
		{BEC791D8-9540-4B0A-929D-3056287D087A}.Release|x64.Build.0 = Release|x64
		{BEC791D8-9540-4B0A-929D-3056287D087A}.Release|x86.ActiveCfg = Release|Win32
		{BEC791D8-9540-4B0A-929D-3056287D087A}.Release|x86.Build.0 = Release|Win32
		{4ED9E08F-A2D4-4D3B-B041-343D2EECCB30}.Debug|x64.ActiveCfg = Debug|x64
		{4ED9E08F-A2D4-4D3B-B041-343D2EECCB30}.Debug|x64.Build.0 = Debug|x64
		{4ED9E08F-A2D4-4D3B-B041-343D2EECCB30}.Debug|x86.ActiveCfg = Debug|Win32
		{4ED9E08F-A2D4-4D3B-B041-343D2EECCB30}.Debug|x86.Build.0 = Debug|Win32
		{4ED9E08F-A2D4-4D3B-B041-343D2EECCB30}.Release|x64.ActiveCfg = Release|x64
		{4ED9E08F-A2D4-4D3B-B041-343D2EECCB30}.Release|x64.Build.0 = Release|x64
		{4ED9E08F-A2D4-4D3B-B041-343D2EECCB30}.Release|x86.ActiveCfg = Release|Win32
		{4ED9E08F-A2D4-4D3B-B041-343D2EECCB30}.Release|x86.Build.0 = Release|Win32
		{3AA224A6-1BC6-4DA9-A2F8-E06A00446DF0}.Debug|x64.ActiveCfg = Debug|x64
		{3AA224A6-1BC6-4DA9-A2F8-E06A00446DF0}.Debug|x64.Build.0 = Debug|x64
		{3AA224A6-1BC6-4DA9-A2F8-E06A00446DF0}.Debug|x86.ActiveCfg = Debug|Win32
		{3AA224A6-1BC6-4DA9-A2F8-E06A00446DF0}.Debug|x86.Build.0 = Debug|Win32
		{3AA224A6-1BC6-4DA9-A2F8-E06A00446DF0}.Release|x64.ActiveCfg = Release|x64
		{3AA224A6-1BC6-4DA9-A2F8-E06A00446DF0}.Release|x64.Build.0 = Release|x64
		{3AA224A6-1BC6-4DA9-A2F8-E06A00446DF0}.Release|x86.ActiveCfg = Release|Win32
		{3AA224A6-1BC6-4DA9-A2F8-E06A00446DF0}.Release|x86.Build.0 = Release|Win32
		{0C2EA380-60FE-402F-9620-8A983A58FF00}.Debug|x64.ActiveCfg = Debug|x64
		{0C2EA380-60FE-402F-9620-8A983A58FF00}.Debug|x64.Build.0 = Debug|x64
		{0C2EA380-60FE-402F-9620-8A983A58FF00}.Debug|x86.ActiveCfg = Debug|Win32
		{0C2EA380-60FE-402F-9620-8A983A58FF00}.Debug|x86.Build.0 = Debug|Win32
		{0C2EA380-60FE-402F-9620-8A983A58FF00}.Release|x64.ActiveCfg = Release|x64
		{0C2EA380-60FE-402F-9620-8A983A58FF00}.Release|x64.Build.0 = Release|x64
		{0C2EA380-60FE-402F-9620-8A983A58FF00}.Release|x86.ActiveCfg = Release|Win32
		{0C2EA380-60FE-402F-9620-8A983A58FF00}.Release|x86.Build.0 = Release|Win32
		{9B9A9BED-F0D9-46EA-ADA3-19679CD9486C}.Debug|x64.ActiveCfg = Debug|x64
		{9B9A9BED-F0D9-46EA-ADA3-19679CD9486C}.Debug|x64.Build.0 = Debug|x64
		{9B9A9BED-F0D9-46EA-ADA3-19679CD9486C}.Debug|x86.ActiveCfg = Debug|Win32
		{9B9A9BED-F0D9-46EA-ADA3-19679CD9486C}.Debug|x86.Build.0 = Debug|Win32
		{9B9A9BED-F0D9-46EA-ADA3-19679CD9486C}.Release|x64.ActiveCfg = Release|x64
		{9B9A9BED-F0D9-46EA-ADA3-19679CD9486C}.Release|x64.Build.0 = Release|x64
		{9B9A9BED-F0D9-46EA-ADA3-19679CD9486C}.Release|x86.ActiveCfg = Release|Win32
		{9B9A9BED-F0D9-46EA-ADA3-19679CD9486C}.Release|x86.Build.0 = Release|Win32
		{2671E37C-B6A6-4381-93BC-31A25D9C43F0}.Debug|x64.ActiveCfg = Debug|x64
		{2671E37C-B6A6-4381-93BC-31A25D9C43F0}.Debug|x64.Build.0 = Debug|x64
		{2671E37C-B6A6-4381-93BC-31A25D9C43F0}.Debug|x86.ActiveCfg = Debug|Win32
		{2671E37C-B6A6-4381-93BC-31A25D9C43F0}.Debug|x86.Build.0 = Debug|Win32
		{2671E37C-B6A6-4381-93BC-31A25D9C43F0}.Release|x64.ActiveCfg = Release|x64
		{2671E37C-B6A6-4381-93BC-31A25D9C43F0}.Release|x64.Build.0 = Release|x64
		{2671E37C-B6A6-4381-93BC-31A25D9C43F0}.Release|x86.ActiveCfg = Release|Win32
		{2671E37C-B6A6-4381-93BC-31A25D9C43F0}.Release|x86.Build.0 = Release|Win32
		{FADB1AEB-1F11-464A-8A7A-033D6DB28507}.Debug|x64.ActiveCfg = Debug|x64
		{FADB1AEB-1F11-464A-8A7A-033D6DB28507}.Debug|x64.Build.0 = Debug|x64
		{FADB1AEB-1F11-464A-8A7A-033D6DB28507}.Debug|x86.ActiveCfg = Debug|Win32
		{FADB1AEB-1F11-464A-8A7A-033D6DB28507}.Debug|x86.Build.0 = Debug|Win32
		{FADB1AEB-1F11-464A-8A7A-033D6DB28507}.Release|x64.ActiveCfg = Release|x64
		{FADB1AEB-1F11-464A-8A7A-033D6DB28507}.Release|x64.Build.0 = Release|x64
		{FADB1AEB-1F11-464A-8A7A-033D6DB28507}.Release|x86.ActiveCfg = Release|Win32
		{FADB1AEB-1F11-464A-8A7A-033D6DB28507}.Release|x86.Build.0 = Release|Win32
		{DEBC9A72-2869-48EB-B397-1B8AA8476C52}.Debug|x64.ActiveCfg = Debug|x64
		{DEBC9A72-2869-48EB-B397-1B8AA8476C52}.Debug|x64.Build.0 = Debug|x64
		{DEBC9A72-2869-48EB-B397-1B8AA8476C52}.Debug|x86.ActiveCfg = Debug|Win32
		{DEBC9A72-2869-48EB-B397-1B8AA8476C52}.Debug|x86.Build.0 = Debug|Win32
		{DEBC9A72-2869-48EB-B397-1B8AA8476C52}.Release|x64.ActiveCfg = Release|x64
		{DEBC9A72-2869-48EB-B397-1B8AA8476C52}.Release|x64.Build.0 = Release|x64
		{DEBC9A72-2869-48EB-B397-1B8AA8476C52}.Release|x86.ActiveCfg = Release|Win32
		{DEBC9A72-2869-48EB-B397-1B8AA8476C52}.Release|x86.Build.0 = Release|Win32
		{E0C4502F-EF6E-4FB2-92C0-F087E3B3DB54}.Debug|x64.ActiveCfg = Debug|x64
		{E0C4502F-EF6E-4FB2-92C0-F087E3B3DB54}.Debug|x64.Build.0 = Debug|x64
		{E0C4502F-EF6E-4FB2-92C0-F087E3B3DB54}.Debug|x86.ActiveCfg = Debug|Win32
		{E0C4502F-EF6E-4FB2-92C0-F087E3B3DB54}.Debug|x86.Build.0 = Debug|Win32
		{E0C4502F-EF6E-4FB2-92C0-F087E3B3DB54}.Release|x64.ActiveCfg = Release|x64
		{E0C4502F-EF6E-4FB2-92C0-F087E3B3DB54}.Release|x64.Build.0 = Release|x64
		{E0C4502F-EF6E-4FB2-92C0-F087E3B3DB54}.Release|x86.ActiveCfg = Release|Win32
		{E0C4502F-EF6E-4FB2-92C0-F087E3B3DB54}.Release|x86.Build.0 = Release|Win32
		{E6A256D1-EEE3-4D53-85E8-E64E8C1C8809}.Debug|x64.ActiveCfg = Debug|x64
		{E6A256D1-EEE3-4D53-85E8-E64E8C1C8809}.Debug|x64.Build.0 = Debug|x64
		{E6A256D1-EEE3-4D53-85E8-E64E8C1C8809}.Debug|x86.ActiveCfg = Debug|Win32
		{E6A256D1-EEE3-4D53-85E8-E64E8C1C8809}.Debug|x86.Build.0 = Debug|Win32
		{E6A256D1-EEE3-4D53-85E8-E64E8C1C8809}.Release|x64.ActiveCfg = Release|x64
		{E6A256D1-EEE3-4D53-85E8-E64E8C1C8809}.Release|x64.Build.0 = Release|x64
		{E6A256D1-EEE3-4D53-85E8-E64E8C1C8809}.Release|x86.ActiveCfg = Release|Win32
		{E6A256D1-EEE3-4D53-85E8-E64E8C1C8809}.Release|x86.Build.0 = Release|Win32
		{395927A1-7C98-408A-9851-388FF6D9C068}.Debug|x64.ActiveCfg = Debug|x64
		{395927A1-7C98-408A-9851-388FF6D9C068}.Debug|x64.Build.0 = Debug|x64
		{395927A1-7C98-408A-9851-388FF6D9C068}.Debug|x86.ActiveCfg = Debug|Win32
		{395927A1-7C98-408A-9851-388FF6D9C068}.Debug|x86.Build.0 = Debug|Win32
		{395927A1-7C98-408A-9851-388FF6D9C068}.Release|x64.ActiveCfg = Release|x64
		{395927A1-7C98-408A-9851-388FF6D9C068}.Release|x64.Build.0 = Release|x64
		{395927A1-7C98-408A-9851-388FF6D9C068}.Release|x86.ActiveCfg = Release|Win32
		{395927A1-7C98-408A-9851-388FF6D9C068}.Release|x86.Build.0 = Release|Win32
		{65D0EE05-02B3-46FC-AC7A-FE15D563E326}.Debug|x64.ActiveCfg = Debug|x64
		{65D0EE05-02B3-46FC-AC7A-FE15D563E326}.Debug|x64.Build.0 = Debug|x64
		{65D0EE05-02B3-46FC-AC7A-FE15D563E326}.Debug|x86.ActiveCfg = Debug|Win32
		{65D0EE05-02B3-46FC-AC7A-FE15D563E326}.Debug|x86.Build.0 = Debug|Win32
		{65D0EE05-02B3-46FC-AC7A-FE15D563E326}.Release|x64.ActiveCfg = Release|x64
		{65D0EE05-02B3-46FC-AC7A-FE15D563E326}.Release|x64.Build.0 = Release|x64
		{65D0EE05-02B3-46FC-AC7A-FE15D563E326}.Release|x86.ActiveCfg = Release|Win32
		{65D0EE05-02B3-46FC-AC7A-FE15D563E326}.Release|x86.Build.0 = Release|Win32
		{3B2367A4-19B1-4956-A592-2309935E665D}.Debug|x64.ActiveCfg = Debug|x64
		{3B2367A4-19B1-4956-A592-2309935E665D}.Debug|x64.Build.0 = Debug|x64
		{3B2367A4-19B1-4956-A592-2309935E665D}.Debug|x86.ActiveCfg = Debug|Win32
		{3B2367A4-19B1-4956-A592-2309935E665D}.Debug|x86.Build.0 = Debug|Win32
		{3B2367A4-19B1-4956-A592-2309935E665D}.Release|x64.ActiveCfg = Release|x64
		{3B2367A4-19B1-4956-A592-2309935E665D}.Release|x64.Build.0 = Release|x64
		{3B2367A4-19B1-4956-A592-2309935E665D}.Release|x86.ActiveCfg = Release|Win32
		{3B2367A4-19B1-4956-A592-2309935E665D}.Release|x86.Build.0 = Release|Win32
		{37A722E5-A64E-472B-AA32-8E435C148940}.Debug|x64.ActiveCfg = Debug|x64
		{37A722E5-A64E-472B-AA32-8E435C148940}.Debug|x64.Build.0 = Debug|x64
		{37A722E5-A64E-472B-AA32-8E435C148940}.Debug|x86.ActiveCfg = Debug|Win32
		{37A722E5-A64E-472B-AA32-8E435C148940}.Debug|x86.Build.0 = Debug|Win32
		{37A722E5-A64E-472B-AA32-8E435C148940}.Release|x64.ActiveCfg = Release|x64
		{37A722E5-A64E-472B-AA32-8E435C148940}.Release|x64.Build.0 = Release|x64
		{37A722E5-A64E-472B-AA32-8E435C148940}.Release|x86.ActiveCfg = Release|Win32
		{37A722E5-A64E-472B-AA32-8E435C148940}.Release|x86.Build.0 = Release|Win32
		{A5C329A9-8EE8-4751-9E1F-503EE09C8A5D}.Debug|x64.ActiveCfg = Debug|x64
		{A5C329A9-8EE8-4751-9E1F-503EE09C8A5D}.Debug|x64.Build.0 = Debug|x64
		{A5C329A9-8EE8-4751-9E1F-503EE09C8A5D}.Debug|x86.ActiveCfg = Debug|Win32
		{A5C329A9-8EE8-4751-9E1F-503EE09C8A5D}.Debug|x86.Build.0 = Debug|Win32
		{A5C329A9-8EE8-4751-9E1F-503EE09C8A5D}.Release|x64.ActiveCfg = Release|x64
		{A5C329A9-8EE8-4751-9E1F-503EE09C8A5D}.Release|x64.Build.0 = Release|x64
		{A5C329A9-8EE8-4751-9E1F-503EE09C8A5D}.Release|x86.ActiveCfg = Release|Win32
		{A5C329A9-8EE8-4751-9E1F-503EE09C8A5D}.Release|x86.Build.0 = Release|Win32
		{B9C16E45-47BF-4A59-9940-A9AAB4C0C150}.Debug|x64.ActiveCfg = Debug|x64
		{B9C16E45-47BF-4A59-9940-A9AAB4C0C150}.Debug|x64.Build.0 = Debug|x64
		{B9C16E45-47BF-4A59-9940-A9AAB4C0C150}.Debug|x86.ActiveCfg = Debug|Win32
		{B9C16E45-47BF-4A59-9940-A9AAB4C0C150}.Debug|x86.Build.0 = Debug|Win32
		{B9C16E45-47BF-4A59-9940-A9AAB4C0C150}.Release|x64.ActiveCfg = Release|x64
		{B9C16E45-47BF-4A59-9940-A9AAB4C0C150}.Release|x64.Build.0 = Release|x64
		{B9C16E45-47BF-4A59-9940-A9AAB4C0C150}.Release|x86.ActiveCfg = Release|Win32
		{B9C16E45-47BF-4A59-9940-A9AAB4C0C150}.Release|x86.Build.0 = Release|Win32
		{8A2ADF19-674A-42DC-BA82-56DD63C3614C}.Debug|x64.ActiveCfg = Debug|x64
		{8A2ADF19-674A-42DC-BA82-56DD63C3614C}.Debug|x64.Build.0 = Debug|x64
		{8A2ADF19-674A-42DC-BA82-56DD63C3614C}.Debug|x86.ActiveCfg = Debug|Win32
		{8A2ADF19-674A-42DC-BA82-56DD63C3614C}.Debug|x86.Build.0 = Debug|Win32
		{8A2ADF19-674A-42DC-BA82-56DD63C3614C}.Release|x64.ActiveCfg = Release|x64
		{8A2ADF19-674A-42DC-BA82-56DD63C3614C}.Release|x64.Build.0 = Release|x64
		{8A2ADF19-674A-42DC-BA82-56DD63C3614C}.Release|x86.ActiveCfg = Release|Win32
		{8A2ADF19-674A-42DC-BA82-56DD63C3614C}.Release|x86.Build.0 = Release|Win32
		{2469D113-F592-483B-9E8D-1EDC302CD6E9}.Debug|x64.ActiveCfg = Debug|x64
		{2469D113-F592-483B-9E8D-1EDC302CD6E9}.Debug|x64.Build.0 = Debug|x64
		{2469D113-F592-483B-9E8D-1EDC302CD6E9}.Debug|x86.ActiveCfg = Debug|Win32
		{2469D113-F592-483B-9E8D-1EDC302CD6E9}.Debug|x86.Build.0 = Debug|Win32
		{2469D113-F592-483B-9E8D-1EDC302CD6E9}.Release|x64.ActiveCfg = Release|x64
		{2469D113-F592-483B-9E8D-1EDC302CD6E9}.Release|x64.Build.0 = Release|x64
		{2469D113-F592-483B-9E8D-1EDC302CD6E9}.Release|x86.ActiveCfg = Release|Win32
		{2469D113-F592-483B-9E8D-1EDC302CD6E9}.Release|x86.Build.0 = Release|Win32
	EndGlobalSection
	GlobalSection(SolutionProperties) = preSolution
		HideSolutionNode = FALSE
	EndGlobalSection
	GlobalSection(NestedProjects) = preSolution
		{0AFF1573-FD84-4175-B2E2-94822538F92F} = {217FB1FF-B115-46D0-9590-B2145F2DB3C1}
		{C24403C0-1DCF-45E0-9806-E80026783482} = {217FB1FF-B115-46D0-9590-B2145F2DB3C1}
		{C5A81524-65B2-4687-B2EE-4076503960EC} = {217FB1FF-B115-46D0-9590-B2145F2DB3C1}
		{54B65309-CB6C-40D6-8179-30D0E3E09321} = {217FB1FF-B115-46D0-9590-B2145F2DB3C1}
		{BEC791D8-9540-4B0A-929D-3056287D087A} = {217FB1FF-B115-46D0-9590-B2145F2DB3C1}
		{4ED9E08F-A2D4-4D3B-B041-343D2EECCB30} = {217FB1FF-B115-46D0-9590-B2145F2DB3C1}
		{3AA224A6-1BC6-4DA9-A2F8-E06A00446DF0} = {217FB1FF-B115-46D0-9590-B2145F2DB3C1}
		{0C2EA380-60FE-402F-9620-8A983A58FF00} = {217FB1FF-B115-46D0-9590-B2145F2DB3C1}
		{9B9A9BED-F0D9-46EA-ADA3-19679CD9486C} = {217FB1FF-B115-46D0-9590-B2145F2DB3C1}
		{2671E37C-B6A6-4381-93BC-31A25D9C43F0} = {217FB1FF-B115-46D0-9590-B2145F2DB3C1}
		{FADB1AEB-1F11-464A-8A7A-033D6DB28507} = {8FC0A238-14A5-485F-BA47-BC44AA043C35}
		{DEBC9A72-2869-48EB-B397-1B8AA8476C52} = {8FC0A238-14A5-485F-BA47-BC44AA043C35}
		{E0C4502F-EF6E-4FB2-92C0-F087E3B3DB54} = {8FC0A238-14A5-485F-BA47-BC44AA043C35}
		{ADE255D3-08F7-4F3E-99C1-526B93461FD0} = {8FC0A238-14A5-485F-BA47-BC44AA043C35}
		{E6A256D1-EEE3-4D53-85E8-E64E8C1C8809} = {ADE255D3-08F7-4F3E-99C1-526B93461FD0}
		{395927A1-7C98-408A-9851-388FF6D9C068} = {475C9731-AB39-41E0-8709-789C1AA7FC67}
		{65D0EE05-02B3-46FC-AC7A-FE15D563E326} = {475C9731-AB39-41E0-8709-789C1AA7FC67}
		{37A722E5-A64E-472B-AA32-8E435C148940} = {475C9731-AB39-41E0-8709-789C1AA7FC67}
		{A5C329A9-8EE8-4751-9E1F-503EE09C8A5D} = {475C9731-AB39-41E0-8709-789C1AA7FC67}
		{B9C16E45-47BF-4A59-9940-A9AAB4C0C150} = {EEBC69A8-830D-4DD5-8D45-A9C816F43B0A}
		{8A2ADF19-674A-42DC-BA82-56DD63C3614C} = {475C9731-AB39-41E0-8709-789C1AA7FC67}
		{2469D113-F592-483B-9E8D-1EDC302CD6E9} = {475C9731-AB39-41E0-8709-789C1AA7FC67}
	EndGlobalSection
	GlobalSection(ExtensibilityGlobals) = postSolution
		SolutionGuid = {5835FD8E-F98E-4460-A5CF-46EB9B5590D0}
	EndGlobalSection
EndGlobal
